
Microsoft Visual Studio Solution File, Format Version 12.00
Project("{FAE04EC0-301F-11D3-BF4B-00C04F79EFBC}") = "FactoryPattern2", "FactoryPattern2.csproj", "{1E511C88-B65E-425D-935E-000072FB39ED}"
EndProject
Global
	GlobalSection(SolutionConfigurationPlatforms) = preSolution
		Debug|Any CPU = Debug|Any CPU
		Release|Any CPU = Release|Any CPU
	EndGlobalSection
	GlobalSection(ProjectConfigurationPlatforms) = postSolution
		{1E511C88-B65E-425D-935E-000072FB39ED}.Debug|Any CPU.ActiveCfg = Debug|Any CPU
		{1E511C88-B65E-425D-935E-000072FB39ED}.Debug|Any CPU.Build.0 = Debug|Any CPU
		{1E511C88-B65E-425D-935E-000072FB39ED}.Release|Any CPU.ActiveCfg = Release|Any CPU
		{1E511C88-B65E-425D-935E-000072FB39ED}.Release|Any CPU.Build.0 = Release|Any CPU
	EndGlobalSection
EndGlobal
